// !$*UTF8*$!
{
	archiveVersion = 1;
	classes = {
	};
	objectVersion = 55;
	objects = {

/* Begin PBXBuildFile section */
		033C8D0C280D50CF004CECAD /* AppDelegate.swift in Sources */ = {isa = PBXBuildFile; fileRef = 033C8D0B280D50CF004CECAD /* AppDelegate.swift */; };
		033C8D0E280D50CF004CECAD /* SceneDelegate.swift in Sources */ = {isa = PBXBuildFile; fileRef = 033C8D0D280D50CF004CECAD /* SceneDelegate.swift */; };
		033C8D13280D50CF004CECAD /* User.storyboard in Resources */ = {isa = PBXBuildFile; fileRef = 033C8D11280D50CF004CECAD /* User.storyboard */; };
		033C8D15280D50D2004CECAD /* Assets.xcassets in Resources */ = {isa = PBXBuildFile; fileRef = 033C8D14280D50D2004CECAD /* Assets.xcassets */; };
		033C8D18280D50D2004CECAD /* LaunchScreen.storyboard in Resources */ = {isa = PBXBuildFile; fileRef = 033C8D16280D50D2004CECAD /* LaunchScreen.storyboard */; };
		03573DDE280D752D0096A9C8 /* KFImageView.swift in Sources */ = {isa = PBXBuildFile; fileRef = 03573DDD280D752D0096A9C8 /* KFImageView.swift */; };
		03573DE1280D84020096A9C8 /* UIView+Border.swift in Sources */ = {isa = PBXBuildFile; fileRef = 03573DE0280D84020096A9C8 /* UIView+Border.swift */; };
		03573DE3280D84200096A9C8 /* UIView+CornerRadius.swift in Sources */ = {isa = PBXBuildFile; fileRef = 03573DE2280D84200096A9C8 /* UIView+CornerRadius.swift */; };
		03573DE5280D84460096A9C8 /* UIView+Shadow.swift in Sources */ = {isa = PBXBuildFile; fileRef = 03573DE4280D84460096A9C8 /* UIView+Shadow.swift */; };
		03573DE8280D8EEE0096A9C8 /* HttpMethods.swift in Sources */ = {isa = PBXBuildFile; fileRef = 03573DE7280D8EEE0096A9C8 /* HttpMethods.swift */; };
		03573DEA280D8F580096A9C8 /* BaseResponse.swift in Sources */ = {isa = PBXBuildFile; fileRef = 03573DE9280D8F580096A9C8 /* BaseResponse.swift */; };
		03573DEC280D8F8A0096A9C8 /* Endpoint.swift in Sources */ = {isa = PBXBuildFile; fileRef = 03573DEB280D8F8A0096A9C8 /* Endpoint.swift */; };
		03573DEE280D8FF00096A9C8 /* Configuration.plist in Resources */ = {isa = PBXBuildFile; fileRef = 03573DED280D8FF00096A9C8 /* Configuration.plist */; };
		03573DF0280D908C0096A9C8 /* ConfigurationAddress.swift in Sources */ = {isa = PBXBuildFile; fileRef = 03573DEF280D908C0096A9C8 /* ConfigurationAddress.swift */; };
		03573DF2280D92140096A9C8 /* User+Network.swift in Sources */ = {isa = PBXBuildFile; fileRef = 03573DF1280D92140096A9C8 /* User+Network.swift */; };
		03573DF5280D939D0096A9C8 /* ServiceProtocol.swift in Sources */ = {isa = PBXBuildFile; fileRef = 03573DF4280D939D0096A9C8 /* ServiceProtocol.swift */; };
		03573DF7280D95C60096A9C8 /* UserViewModel.swift in Sources */ = {isa = PBXBuildFile; fileRef = 03573DF6280D95C60096A9C8 /* UserViewModel.swift */; };
		03573DF9280DA43B0096A9C8 /* OpenUrl.swift in Sources */ = {isa = PBXBuildFile; fileRef = 03573DF8280DA43B0096A9C8 /* OpenUrl.swift */; };
		03573DFD280DAA9A0096A9C8 /* Int+DateTime.swift in Sources */ = {isa = PBXBuildFile; fileRef = 03573DFC280DAA9A0096A9C8 /* Int+DateTime.swift */; };
		036C5865280D54B6002F1B3F /* UserListViewController.swift in Sources */ = {isa = PBXBuildFile; fileRef = 036C5864280D54B6002F1B3F /* UserListViewController.swift */; };
		036C5867280D54D2002F1B3F /* UserDetailsViewController.swift in Sources */ = {isa = PBXBuildFile; fileRef = 036C5866280D54D2002F1B3F /* UserDetailsViewController.swift */; };
		036C586A280D54FC002F1B3F /* UserTableViewCell.swift in Sources */ = {isa = PBXBuildFile; fileRef = 036C5868280D54FC002F1B3F /* UserTableViewCell.swift */; };
		036C586B280D54FC002F1B3F /* UserTableViewCell.xib in Resources */ = {isa = PBXBuildFile; fileRef = 036C5869280D54FC002F1B3F /* UserTableViewCell.xib */; };
		036C586E280D5515002F1B3F /* UserTableViewModel.swift in Sources */ = {isa = PBXBuildFile; fileRef = 036C586D280D5515002F1B3F /* UserTableViewModel.swift */; };
		036C5870280D5538002F1B3F /* UserListViewController+TableView.swift in Sources */ = {isa = PBXBuildFile; fileRef = 036C586F280D5538002F1B3F /* UserListViewController+TableView.swift */; };
		036C5873280D5557002F1B3F /* User.swift in Sources */ = {isa = PBXBuildFile; fileRef = 036C5872280D5557002F1B3F /* User.swift */; };
		036C5875280D5F8B002F1B3F /* BadgeCount.swift in Sources */ = {isa = PBXBuildFile; fileRef = 036C5874280D5F8B002F1B3F /* BadgeCount.swift */; };
		036C5877280D5FB1002F1B3F /* ExternalLinks.swift in Sources */ = {isa = PBXBuildFile; fileRef = 036C5876280D5FB1002F1B3F /* ExternalLinks.swift */; };
		036C5879280D5FC5002F1B3F /* Collective.swift in Sources */ = {isa = PBXBuildFile; fileRef = 036C5878280D5FC5002F1B3F /* Collective.swift */; };
		036C587B280D5FE0002F1B3F /* Collectives.swift in Sources */ = {isa = PBXBuildFile; fileRef = 036C587A280D5FE0002F1B3F /* Collectives.swift */; };
		036C587D280D601E002F1B3F /* Network.swift in Sources */ = {isa = PBXBuildFile; fileRef = 036C587C280D601E002F1B3F /* Network.swift */; };
		036C5881280D6535002F1B3F /* UITableView+Register.swift in Sources */ = {isa = PBXBuildFile; fileRef = 036C5880280D6535002F1B3F /* UITableView+Register.swift */; };
		036C5883280D6545002F1B3F /* UITableView+DequeueCell.swift in Sources */ = {isa = PBXBuildFile; fileRef = 036C5882280D6545002F1B3F /* UITableView+DequeueCell.swift */; };
		036C5887280D6682002F1B3F /* UIStoryboard.swift in Sources */ = {isa = PBXBuildFile; fileRef = 036C5886280D6682002F1B3F /* UIStoryboard.swift */; };
		036C5889280D66DD002F1B3F /* UIStoryboard+Instantiation.swift in Sources */ = {isa = PBXBuildFile; fileRef = 036C5888280D66DD002F1B3F /* UIStoryboard+Instantiation.swift */; };
		458E847B532671F58C8E30C6 /* Pods_StackExchangeUsers.framework in Frameworks */ = {isa = PBXBuildFile; fileRef = 77526F7F5B65D0CE97679432 /* Pods_StackExchangeUsers.framework */; };
/* End PBXBuildFile section */

/* Begin PBXFileReference section */
		033C8D08280D50CF004CECAD /* StackExchangeUsers.app */ = {isa = PBXFileReference; explicitFileType = wrapper.application; includeInIndex = 0; path = StackExchangeUsers.app; sourceTree = BUILT_PRODUCTS_DIR; };
		033C8D0B280D50CF004CECAD /* AppDelegate.swift */ = {isa = PBXFileReference; lastKnownFileType = sourcecode.swift; path = AppDelegate.swift; sourceTree = "<group>"; };
		033C8D0D280D50CF004CECAD /* SceneDelegate.swift */ = {isa = PBXFileReference; lastKnownFileType = sourcecode.swift; path = SceneDelegate.swift; sourceTree = "<group>"; };
		033C8D12280D50CF004CECAD /* Base */ = {isa = PBXFileReference; lastKnownFileType = file.storyboard; name = Base; path = Base.lproj/User.storyboard; sourceTree = "<group>"; };
		033C8D14280D50D2004CECAD /* Assets.xcassets */ = {isa = PBXFileReference; lastKnownFileType = folder.assetcatalog; path = Assets.xcassets; sourceTree = "<group>"; };
		033C8D17280D50D2004CECAD /* Base */ = {isa = PBXFileReference; lastKnownFileType = file.storyboard; name = Base; path = Base.lproj/LaunchScreen.storyboard; sourceTree = "<group>"; };
		033C8D19280D50D2004CECAD /* Info.plist */ = {isa = PBXFileReference; lastKnownFileType = text.plist.xml; path = Info.plist; sourceTree = "<group>"; };
		03573DDD280D752D0096A9C8 /* KFImageView.swift */ = {isa = PBXFileReference; lastKnownFileType = sourcecode.swift; path = KFImageView.swift; sourceTree = "<group>"; };
		03573DE0280D84020096A9C8 /* UIView+Border.swift */ = {isa = PBXFileReference; lastKnownFileType = sourcecode.swift; path = "UIView+Border.swift"; sourceTree = "<group>"; };
		03573DE2280D84200096A9C8 /* UIView+CornerRadius.swift */ = {isa = PBXFileReference; lastKnownFileType = sourcecode.swift; path = "UIView+CornerRadius.swift"; sourceTree = "<group>"; };
		03573DE4280D84460096A9C8 /* UIView+Shadow.swift */ = {isa = PBXFileReference; lastKnownFileType = sourcecode.swift; path = "UIView+Shadow.swift"; sourceTree = "<group>"; };
		03573DE7280D8EEE0096A9C8 /* HttpMethods.swift */ = {isa = PBXFileReference; lastKnownFileType = sourcecode.swift; path = HttpMethods.swift; sourceTree = "<group>"; };
		03573DE9280D8F580096A9C8 /* BaseResponse.swift */ = {isa = PBXFileReference; lastKnownFileType = sourcecode.swift; path = BaseResponse.swift; sourceTree = "<group>"; };
		03573DEB280D8F8A0096A9C8 /* Endpoint.swift */ = {isa = PBXFileReference; lastKnownFileType = sourcecode.swift; path = Endpoint.swift; sourceTree = "<group>"; };
		03573DED280D8FF00096A9C8 /* Configuration.plist */ = {isa = PBXFileReference; lastKnownFileType = text.plist.xml; path = Configuration.plist; sourceTree = "<group>"; };
		03573DEF280D908C0096A9C8 /* ConfigurationAddress.swift */ = {isa = PBXFileReference; lastKnownFileType = sourcecode.swift; path = ConfigurationAddress.swift; sourceTree = "<group>"; };
		03573DF1280D92140096A9C8 /* User+Network.swift */ = {isa = PBXFileReference; lastKnownFileType = sourcecode.swift; path = "User+Network.swift"; sourceTree = "<group>"; };
		03573DF4280D939D0096A9C8 /* ServiceProtocol.swift */ = {isa = PBXFileReference; lastKnownFileType = sourcecode.swift; path = ServiceProtocol.swift; sourceTree = "<group>"; };
		03573DF6280D95C60096A9C8 /* UserViewModel.swift */ = {isa = PBXFileReference; lastKnownFileType = sourcecode.swift; path = UserViewModel.swift; sourceTree = "<group>"; };
		03573DF8280DA43B0096A9C8 /* OpenUrl.swift */ = {isa = PBXFileReference; lastKnownFileType = sourcecode.swift; path = OpenUrl.swift; sourceTree = "<group>"; };
		03573DFC280DAA9A0096A9C8 /* Int+DateTime.swift */ = {isa = PBXFileReference; lastKnownFileType = sourcecode.swift; path = "Int+DateTime.swift"; sourceTree = "<group>"; };
		036C5864280D54B6002F1B3F /* UserListViewController.swift */ = {isa = PBXFileReference; lastKnownFileType = sourcecode.swift; path = UserListViewController.swift; sourceTree = "<group>"; };
		036C5866280D54D2002F1B3F /* UserDetailsViewController.swift */ = {isa = PBXFileReference; lastKnownFileType = sourcecode.swift; path = UserDetailsViewController.swift; sourceTree = "<group>"; };
		036C5868280D54FC002F1B3F /* UserTableViewCell.swift */ = {isa = PBXFileReference; lastKnownFileType = sourcecode.swift; path = UserTableViewCell.swift; sourceTree = "<group>"; };
		036C5869280D54FC002F1B3F /* UserTableViewCell.xib */ = {isa = PBXFileReference; lastKnownFileType = file.xib; path = UserTableViewCell.xib; sourceTree = "<group>"; };
		036C586D280D5515002F1B3F /* UserTableViewModel.swift */ = {isa = PBXFileReference; lastKnownFileType = sourcecode.swift; path = UserTableViewModel.swift; sourceTree = "<group>"; };
		036C586F280D5538002F1B3F /* UserListViewController+TableView.swift */ = {isa = PBXFileReference; lastKnownFileType = sourcecode.swift; path = "UserListViewController+TableView.swift"; sourceTree = "<group>"; };
		036C5872280D5557002F1B3F /* User.swift */ = {isa = PBXFileReference; lastKnownFileType = sourcecode.swift; path = User.swift; sourceTree = "<group>"; };
		036C5874280D5F8B002F1B3F /* BadgeCount.swift */ = {isa = PBXFileReference; lastKnownFileType = sourcecode.swift; path = BadgeCount.swift; sourceTree = "<group>"; };
		036C5876280D5FB1002F1B3F /* ExternalLinks.swift */ = {isa = PBXFileReference; lastKnownFileType = sourcecode.swift; path = ExternalLinks.swift; sourceTree = "<group>"; };
		036C5878280D5FC5002F1B3F /* Collective.swift */ = {isa = PBXFileReference; lastKnownFileType = sourcecode.swift; path = Collective.swift; sourceTree = "<group>"; };
		036C587A280D5FE0002F1B3F /* Collectives.swift */ = {isa = PBXFileReference; lastKnownFileType = sourcecode.swift; path = Collectives.swift; sourceTree = "<group>"; };
		036C587C280D601E002F1B3F /* Network.swift */ = {isa = PBXFileReference; lastKnownFileType = sourcecode.swift; path = Network.swift; sourceTree = "<group>"; };
		036C5880280D6535002F1B3F /* UITableView+Register.swift */ = {isa = PBXFileReference; lastKnownFileType = sourcecode.swift; path = "UITableView+Register.swift"; sourceTree = "<group>"; };
		036C5882280D6545002F1B3F /* UITableView+DequeueCell.swift */ = {isa = PBXFileReference; lastKnownFileType = sourcecode.swift; path = "UITableView+DequeueCell.swift"; sourceTree = "<group>"; };
		036C5886280D6682002F1B3F /* UIStoryboard.swift */ = {isa = PBXFileReference; lastKnownFileType = sourcecode.swift; path = UIStoryboard.swift; sourceTree = "<group>"; };
		036C5888280D66DD002F1B3F /* UIStoryboard+Instantiation.swift */ = {isa = PBXFileReference; lastKnownFileType = sourcecode.swift; path = "UIStoryboard+Instantiation.swift"; sourceTree = "<group>"; };
		77526F7F5B65D0CE97679432 /* Pods_StackExchangeUsers.framework */ = {isa = PBXFileReference; explicitFileType = wrapper.framework; includeInIndex = 0; path = Pods_StackExchangeUsers.framework; sourceTree = BUILT_PRODUCTS_DIR; };
		9F02E9E950FA9632B69521C4 /* Pods-StackExchangeUsers.release.xcconfig */ = {isa = PBXFileReference; includeInIndex = 1; lastKnownFileType = text.xcconfig; name = "Pods-StackExchangeUsers.release.xcconfig"; path = "Target Support Files/Pods-StackExchangeUsers/Pods-StackExchangeUsers.release.xcconfig"; sourceTree = "<group>"; };
		DB233F4781E57272ED2D6211 /* Pods-StackExchangeUsers.debug.xcconfig */ = {isa = PBXFileReference; includeInIndex = 1; lastKnownFileType = text.xcconfig; name = "Pods-StackExchangeUsers.debug.xcconfig"; path = "Target Support Files/Pods-StackExchangeUsers/Pods-StackExchangeUsers.debug.xcconfig"; sourceTree = "<group>"; };
/* End PBXFileReference section */

/* Begin PBXFrameworksBuildPhase section */
		033C8D05280D50CF004CECAD /* Frameworks */ = {
			isa = PBXFrameworksBuildPhase;
			buildActionMask = 2147483647;
			files = (
				458E847B532671F58C8E30C6 /* Pods_StackExchangeUsers.framework in Frameworks */,
			);
			runOnlyForDeploymentPostprocessing = 0;
		};
/* End PBXFrameworksBuildPhase section */

/* Begin PBXGroup section */
		033C8CFF280D50CF004CECAD = {
			isa = PBXGroup;
			children = (
				033C8D0A280D50CF004CECAD /* StackExchangeUsers */,
				033C8D09280D50CF004CECAD /* Products */,
				13D36A3F8D6E306EDA5DBE45 /* Pods */,
				11885C3094D720A134BDCD6B /* Frameworks */,
			);
			sourceTree = "<group>";
		};
		033C8D09280D50CF004CECAD /* Products */ = {
			isa = PBXGroup;
			children = (
				033C8D08280D50CF004CECAD /* StackExchangeUsers.app */,
			);
			name = Products;
			sourceTree = "<group>";
		};
		033C8D0A280D50CF004CECAD /* StackExchangeUsers */ = {
			isa = PBXGroup;
			children = (
				03573DF3280D93820096A9C8 /* Protocols */,
				036C585E280D5210002F1B3F /* App */,
				03573DE6280D8ED80096A9C8 /* Enumerations */,
				036C587F280D64E4002F1B3F /* Extensions */,
				03573DDC280D74FD0096A9C8 /* Manager */,
				036C587E280D64DD002F1B3F /* Network */,
				033C8D1F280D518E004CECAD /* Resource */,
			);
			path = StackExchangeUsers;
			sourceTree = "<group>";
		};
		033C8D1F280D518E004CECAD /* Resource */ = {
			isa = PBXGroup;
			children = (
				033C8D0B280D50CF004CECAD /* AppDelegate.swift */,
				033C8D0D280D50CF004CECAD /* SceneDelegate.swift */,
				033C8D14280D50D2004CECAD /* Assets.xcassets */,
				033C8D16280D50D2004CECAD /* LaunchScreen.storyboard */,
				033C8D19280D50D2004CECAD /* Info.plist */,
			);
			path = Resource;
			sourceTree = "<group>";
		};
		03573DDC280D74FD0096A9C8 /* Manager */ = {
			isa = PBXGroup;
			children = (
				03573DDD280D752D0096A9C8 /* KFImageView.swift */,
				03573DF8280DA43B0096A9C8 /* OpenUrl.swift */,
			);
			path = Manager;
			sourceTree = "<group>";
		};
		03573DDF280D83EB0096A9C8 /* UIView */ = {
			isa = PBXGroup;
			children = (
				03573DE0280D84020096A9C8 /* UIView+Border.swift */,
				03573DE2280D84200096A9C8 /* UIView+CornerRadius.swift */,
				03573DE4280D84460096A9C8 /* UIView+Shadow.swift */,
			);
			path = UIView;
			sourceTree = "<group>";
		};
		03573DE6280D8ED80096A9C8 /* Enumerations */ = {
			isa = PBXGroup;
			children = (
				03573DE7280D8EEE0096A9C8 /* HttpMethods.swift */,
			);
			path = Enumerations;
			sourceTree = "<group>";
		};
		03573DF3280D93820096A9C8 /* Protocols */ = {
			isa = PBXGroup;
			children = (
				03573DF4280D939D0096A9C8 /* ServiceProtocol.swift */,
			);
			path = Protocols;
			sourceTree = "<group>";
		};
		03573DFA280DA6CC0096A9C8 /* New Group */ = {
			isa = PBXGroup;
			children = (
			);
			path = "New Group";
			sourceTree = "<group>";
		};
		03573DFB280DAA770096A9C8 /* Int */ = {
			isa = PBXGroup;
			children = (
				03573DFC280DAA9A0096A9C8 /* Int+DateTime.swift */,
			);
			path = Int;
			sourceTree = "<group>";
		};
		036C585E280D5210002F1B3F /* App */ = {
			isa = PBXGroup;
			children = (
				036C585F280D546E002F1B3F /* Users */,
			);
			path = App;
			sourceTree = "<group>";
		};
		036C585F280D546E002F1B3F /* Users */ = {
			isa = PBXGroup;
			children = (
				036C5861280D547D002F1B3F /* Model */,
				036C5863280D548A002F1B3F /* Network */,
				036C5860280D5477002F1B3F /* View */,
				036C5862280D5482002F1B3F /* ViewModel */,
			);
			path = Users;
			sourceTree = "<group>";
		};
		036C5860280D5477002F1B3F /* View */ = {
			isa = PBXGroup;
			children = (
				033C8D11280D50CF004CECAD /* User.storyboard */,
				036C5871280D5542002F1B3F /* UserList */,
				036C5866280D54D2002F1B3F /* UserDetailsViewController.swift */,
				036C586C280D5500002F1B3F /* Cell */,
			);
			path = View;
			sourceTree = "<group>";
		};
		036C5861280D547D002F1B3F /* Model */ = {
			isa = PBXGroup;
			children = (
				036C5872280D5557002F1B3F /* User.swift */,
				036C587A280D5FE0002F1B3F /* Collectives.swift */,
				036C5878280D5FC5002F1B3F /* Collective.swift */,
				036C5874280D5F8B002F1B3F /* BadgeCount.swift */,
				036C5876280D5FB1002F1B3F /* ExternalLinks.swift */,
			);
			path = Model;
			sourceTree = "<group>";
		};
		036C5862280D5482002F1B3F /* ViewModel */ = {
			isa = PBXGroup;
			children = (
				03573DF6280D95C60096A9C8 /* UserViewModel.swift */,
			);
			path = ViewModel;
			sourceTree = "<group>";
		};
		036C5863280D548A002F1B3F /* Network */ = {
			isa = PBXGroup;
			children = (
				03573DF1280D92140096A9C8 /* User+Network.swift */,
			);
			path = Network;
			sourceTree = "<group>";
		};
		036C586C280D5500002F1B3F /* Cell */ = {
			isa = PBXGroup;
			children = (
				036C5868280D54FC002F1B3F /* UserTableViewCell.swift */,
				036C5869280D54FC002F1B3F /* UserTableViewCell.xib */,
				036C586D280D5515002F1B3F /* UserTableViewModel.swift */,
			);
			path = Cell;
			sourceTree = "<group>";
		};
		036C5871280D5542002F1B3F /* UserList */ = {
			isa = PBXGroup;
			children = (
				036C5864280D54B6002F1B3F /* UserListViewController.swift */,
				036C586F280D5538002F1B3F /* UserListViewController+TableView.swift */,
			);
			path = UserList;
			sourceTree = "<group>";
		};
		036C587E280D64DD002F1B3F /* Network */ = {
			isa = PBXGroup;
			children = (
				036C587C280D601E002F1B3F /* Network.swift */,
				03573DE9280D8F580096A9C8 /* BaseResponse.swift */,
				03573DEB280D8F8A0096A9C8 /* Endpoint.swift */,
				03573DED280D8FF00096A9C8 /* Configuration.plist */,
				03573DEF280D908C0096A9C8 /* ConfigurationAddress.swift */,
			);
			path = Network;
			sourceTree = "<group>";
		};
		036C587F280D64E4002F1B3F /* Extensions */ = {
			isa = PBXGroup;
			children = (
				03573DFB280DAA770096A9C8 /* Int */,
				03573DFA280DA6CC0096A9C8 /* New Group */,
				03573DDF280D83EB0096A9C8 /* UIView */,
				036C5885280D6662002F1B3F /* UIStroyboard */,
				036C5884280D663F002F1B3F /* UITableView */,
			);
			path = Extensions;
			sourceTree = "<group>";
		};
		036C5884280D663F002F1B3F /* UITableView */ = {
			isa = PBXGroup;
			children = (
				036C5882280D6545002F1B3F /* UITableView+DequeueCell.swift */,
				036C5880280D6535002F1B3F /* UITableView+Register.swift */,
			);
			path = UITableView;
			sourceTree = "<group>";
		};
		036C5885280D6662002F1B3F /* UIStroyboard */ = {
			isa = PBXGroup;
			children = (
				036C5886280D6682002F1B3F /* UIStoryboard.swift */,
				036C5888280D66DD002F1B3F /* UIStoryboard+Instantiation.swift */,
			);
			path = UIStroyboard;
			sourceTree = "<group>";
		};
		11885C3094D720A134BDCD6B /* Frameworks */ = {
			isa = PBXGroup;
			children = (
				77526F7F5B65D0CE97679432 /* Pods_StackExchangeUsers.framework */,
			);
			name = Frameworks;
			sourceTree = "<group>";
		};
		13D36A3F8D6E306EDA5DBE45 /* Pods */ = {
			isa = PBXGroup;
			children = (
				DB233F4781E57272ED2D6211 /* Pods-StackExchangeUsers.debug.xcconfig */,
				9F02E9E950FA9632B69521C4 /* Pods-StackExchangeUsers.release.xcconfig */,
			);
			path = Pods;
			sourceTree = "<group>";
		};
/* End PBXGroup section */

/* Begin PBXNativeTarget section */
		033C8D07280D50CF004CECAD /* StackExchangeUsers */ = {
			isa = PBXNativeTarget;
			buildConfigurationList = 033C8D1C280D50D2004CECAD /* Build configuration list for PBXNativeTarget "StackExchangeUsers" */;
			buildPhases = (
				21A655A0A4B9062BC2B807C7 /* [CP] Check Pods Manifest.lock */,
				033C8D04280D50CF004CECAD /* Sources */,
				033C8D05280D50CF004CECAD /* Frameworks */,
				033C8D06280D50CF004CECAD /* Resources */,
				6557DF69D6BCC865ECA53117 /* [CP] Embed Pods Frameworks */,
			);
			buildRules = (
			);
			dependencies = (
			);
			name = StackExchangeUsers;
			productName = StackExchangeUsers;
			productReference = 033C8D08280D50CF004CECAD /* StackExchangeUsers.app */;
			productType = "com.apple.product-type.application";
		};
/* End PBXNativeTarget section */

/* Begin PBXProject section */
		033C8D00280D50CF004CECAD /* Project object */ = {
			isa = PBXProject;
			attributes = {
				BuildIndependentTargetsInParallel = 1;
				LastSwiftUpdateCheck = 1330;
				LastUpgradeCheck = 1330;
				TargetAttributes = {
					033C8D07280D50CF004CECAD = {
						CreatedOnToolsVersion = 13.3;
					};
				};
			};
			buildConfigurationList = 033C8D03280D50CF004CECAD /* Build configuration list for PBXProject "StackExchangeUsers" */;
			compatibilityVersion = "Xcode 13.0";
			developmentRegion = en;
			hasScannedForEncodings = 0;
			knownRegions = (
				en,
				Base,
			);
			mainGroup = 033C8CFF280D50CF004CECAD;
			productRefGroup = 033C8D09280D50CF004CECAD /* Products */;
			projectDirPath = "";
			projectRoot = "";
			targets = (
				033C8D07280D50CF004CECAD /* StackExchangeUsers */,
			);
		};
/* End PBXProject section */

/* Begin PBXResourcesBuildPhase section */
		033C8D06280D50CF004CECAD /* Resources */ = {
			isa = PBXResourcesBuildPhase;
			buildActionMask = 2147483647;
			files = (
				036C586B280D54FC002F1B3F /* UserTableViewCell.xib in Resources */,
				03573DEE280D8FF00096A9C8 /* Configuration.plist in Resources */,
				033C8D18280D50D2004CECAD /* LaunchScreen.storyboard in Resources */,
				033C8D15280D50D2004CECAD /* Assets.xcassets in Resources */,
				033C8D13280D50CF004CECAD /* User.storyboard in Resources */,
			);
			runOnlyForDeploymentPostprocessing = 0;
		};
/* End PBXResourcesBuildPhase section */

/* Begin PBXShellScriptBuildPhase section */
		21A655A0A4B9062BC2B807C7 /* [CP] Check Pods Manifest.lock */ = {
			isa = PBXShellScriptBuildPhase;
			buildActionMask = 2147483647;
			files = (
			);
			inputFileListPaths = (
			);
			inputPaths = (
				"${PODS_PODFILE_DIR_PATH}/Podfile.lock",
				"${PODS_ROOT}/Manifest.lock",
			);
			name = "[CP] Check Pods Manifest.lock";
			outputFileListPaths = (
			);
			outputPaths = (
				"$(DERIVED_FILE_DIR)/Pods-StackExchangeUsers-checkManifestLockResult.txt",
			);
			runOnlyForDeploymentPostprocessing = 0;
			shellPath = /bin/sh;
			shellScript = "diff \"${PODS_PODFILE_DIR_PATH}/Podfile.lock\" \"${PODS_ROOT}/Manifest.lock\" > /dev/null\nif [ $? != 0 ] ; then\n    # print error to STDERR\n    echo \"error: The sandbox is not in sync with the Podfile.lock. Run 'pod install' or update your CocoaPods installation.\" >&2\n    exit 1\nfi\n# This output is used by Xcode 'outputs' to avoid re-running this script phase.\necho \"SUCCESS\" > \"${SCRIPT_OUTPUT_FILE_0}\"\n";
			showEnvVarsInLog = 0;
		};
		6557DF69D6BCC865ECA53117 /* [CP] Embed Pods Frameworks */ = {
			isa = PBXShellScriptBuildPhase;
			buildActionMask = 2147483647;
			files = (
			);
			inputFileListPaths = (
				"${PODS_ROOT}/Target Support Files/Pods-StackExchangeUsers/Pods-StackExchangeUsers-frameworks-${CONFIGURATION}-input-files.xcfilelist",
			);
			name = "[CP] Embed Pods Frameworks";
			outputFileListPaths = (
				"${PODS_ROOT}/Target Support Files/Pods-StackExchangeUsers/Pods-StackExchangeUsers-frameworks-${CONFIGURATION}-output-files.xcfilelist",
			);
			runOnlyForDeploymentPostprocessing = 0;
			shellPath = /bin/sh;
			shellScript = "\"${PODS_ROOT}/Target Support Files/Pods-StackExchangeUsers/Pods-StackExchangeUsers-frameworks.sh\"\n";
			showEnvVarsInLog = 0;
		};
/* End PBXShellScriptBuildPhase section */

/* Begin PBXSourcesBuildPhase section */
		033C8D04280D50CF004CECAD /* Sources */ = {
			isa = PBXSourcesBuildPhase;
			buildActionMask = 2147483647;
			files = (
				03573DE8280D8EEE0096A9C8 /* HttpMethods.swift in Sources */,
				036C587D280D601E002F1B3F /* Network.swift in Sources */,
				036C5870280D5538002F1B3F /* UserListViewController+TableView.swift in Sources */,
				036C5879280D5FC5002F1B3F /* Collective.swift in Sources */,
				033C8D0C280D50CF004CECAD /* AppDelegate.swift in Sources */,
				03573DF7280D95C60096A9C8 /* UserViewModel.swift in Sources */,
				036C5887280D6682002F1B3F /* UIStoryboard.swift in Sources */,
				036C5877280D5FB1002F1B3F /* ExternalLinks.swift in Sources */,
				033C8D0E280D50CF004CECAD /* SceneDelegate.swift in Sources */,
				03573DE5280D84460096A9C8 /* UIView+Shadow.swift in Sources */,
				036C5883280D6545002F1B3F /* UITableView+DequeueCell.swift in Sources */,
				03573DEC280D8F8A0096A9C8 /* Endpoint.swift in Sources */,
				03573DF0280D908C0096A9C8 /* ConfigurationAddress.swift in Sources */,
				036C586E280D5515002F1B3F /* UserTableViewModel.swift in Sources */,
				03573DE3280D84200096A9C8 /* UIView+CornerRadius.swift in Sources */,
				036C5873280D5557002F1B3F /* User.swift in Sources */,
				03573DF5280D939D0096A9C8 /* ServiceProtocol.swift in Sources */,
				036C5867280D54D2002F1B3F /* UserDetailsViewController.swift in Sources */,
				036C587B280D5FE0002F1B3F /* Collectives.swift in Sources */,
				036C5889280D66DD002F1B3F /* UIStoryboard+Instantiation.swift in Sources */,
				03573DFD280DAA9A0096A9C8 /* Int+DateTime.swift in Sources */,
				036C5865280D54B6002F1B3F /* UserListViewController.swift in Sources */,
				03573DF2280D92140096A9C8 /* User+Network.swift in Sources */,
				03573DE1280D84020096A9C8 /* UIView+Border.swift in Sources */,
				036C5875280D5F8B002F1B3F /* BadgeCount.swift in Sources */,
				03573DDE280D752D0096A9C8 /* KFImageView.swift in Sources */,
				036C5881280D6535002F1B3F /* UITableView+Register.swift in Sources */,
				036C586A280D54FC002F1B3F /* UserTableViewCell.swift in Sources */,
				03573DEA280D8F580096A9C8 /* BaseResponse.swift in Sources */,
				03573DF9280DA43B0096A9C8 /* OpenUrl.swift in Sources */,
			);
			runOnlyForDeploymentPostprocessing = 0;
		};
/* End PBXSourcesBuildPhase section */

/* Begin PBXVariantGroup section */
		033C8D11280D50CF004CECAD /* User.storyboard */ = {
			isa = PBXVariantGroup;
			children = (
				033C8D12280D50CF004CECAD /* Base */,
			);
			name = User.storyboard;
			sourceTree = "<group>";
		};
		033C8D16280D50D2004CECAD /* LaunchScreen.storyboard */ = {
			isa = PBXVariantGroup;
			children = (
				033C8D17280D50D2004CECAD /* Base */,
			);
			name = LaunchScreen.storyboard;
			sourceTree = "<group>";
		};
/* End PBXVariantGroup section */

/* Begin XCBuildConfiguration section */
		033C8D1A280D50D2004CECAD /* Debug */ = {
			isa = XCBuildConfiguration;
			buildSettings = {
				ALWAYS_SEARCH_USER_PATHS = NO;
				CLANG_ANALYZER_NONNULL = YES;
				CLANG_ANALYZER_NUMBER_OBJECT_CONVERSION = YES_AGGRESSIVE;
				CLANG_CXX_LANGUAGE_STANDARD = "gnu++17";
				CLANG_ENABLE_MODULES = YES;
				CLANG_ENABLE_OBJC_ARC = YES;
				CLANG_ENABLE_OBJC_WEAK = YES;
				CLANG_WARN_BLOCK_CAPTURE_AUTORELEASING = YES;
				CLANG_WARN_BOOL_CONVERSION = YES;
				CLANG_WARN_COMMA = YES;
				CLANG_WARN_CONSTANT_CONVERSION = YES;
				CLANG_WARN_DEPRECATED_OBJC_IMPLEMENTATIONS = YES;
				CLANG_WARN_DIRECT_OBJC_ISA_USAGE = YES_ERROR;
				CLANG_WARN_DOCUMENTATION_COMMENTS = YES;
				CLANG_WARN_EMPTY_BODY = YES;
				CLANG_WARN_ENUM_CONVERSION = YES;
				CLANG_WARN_INFINITE_RECURSION = YES;
				CLANG_WARN_INT_CONVERSION = YES;
				CLANG_WARN_NON_LITERAL_NULL_CONVERSION = YES;
				CLANG_WARN_OBJC_IMPLICIT_RETAIN_SELF = YES;
				CLANG_WARN_OBJC_LITERAL_CONVERSION = YES;
				CLANG_WARN_OBJC_ROOT_CLASS = YES_ERROR;
				CLANG_WARN_QUOTED_INCLUDE_IN_FRAMEWORK_HEADER = YES;
				CLANG_WARN_RANGE_LOOP_ANALYSIS = YES;
				CLANG_WARN_STRICT_PROTOTYPES = YES;
				CLANG_WARN_SUSPICIOUS_MOVE = YES;
				CLANG_WARN_UNGUARDED_AVAILABILITY = YES_AGGRESSIVE;
				CLANG_WARN_UNREACHABLE_CODE = YES;
				CLANG_WARN__DUPLICATE_METHOD_MATCH = YES;
				COPY_PHASE_STRIP = NO;
				DEBUG_INFORMATION_FORMAT = dwarf;
				ENABLE_STRICT_OBJC_MSGSEND = YES;
				ENABLE_TESTABILITY = YES;
				GCC_C_LANGUAGE_STANDARD = gnu11;
				GCC_DYNAMIC_NO_PIC = NO;
				GCC_NO_COMMON_BLOCKS = YES;
				GCC_OPTIMIZATION_LEVEL = 0;
				GCC_PREPROCESSOR_DEFINITIONS = (
					"DEBUG=1",
					"$(inherited)",
				);
				GCC_WARN_64_TO_32_BIT_CONVERSION = YES;
				GCC_WARN_ABOUT_RETURN_TYPE = YES_ERROR;
				GCC_WARN_UNDECLARED_SELECTOR = YES;
				GCC_WARN_UNINITIALIZED_AUTOS = YES_AGGRESSIVE;
				GCC_WARN_UNUSED_FUNCTION = YES;
				GCC_WARN_UNUSED_VARIABLE = YES;
				IPHONEOS_DEPLOYMENT_TARGET = 15.4;
				MTL_ENABLE_DEBUG_INFO = INCLUDE_SOURCE;
				MTL_FAST_MATH = YES;
				ONLY_ACTIVE_ARCH = YES;
				SDKROOT = iphoneos;
				SWIFT_ACTIVE_COMPILATION_CONDITIONS = DEBUG;
				SWIFT_OPTIMIZATION_LEVEL = "-Onone";
			};
			name = Debug;
		};
		033C8D1B280D50D2004CECAD /* Release */ = {
			isa = XCBuildConfiguration;
			buildSettings = {
				ALWAYS_SEARCH_USER_PATHS = NO;
				CLANG_ANALYZER_NONNULL = YES;
				CLANG_ANALYZER_NUMBER_OBJECT_CONVERSION = YES_AGGRESSIVE;
				CLANG_CXX_LANGUAGE_STANDARD = "gnu++17";
				CLANG_ENABLE_MODULES = YES;
				CLANG_ENABLE_OBJC_ARC = YES;
				CLANG_ENABLE_OBJC_WEAK = YES;
				CLANG_WARN_BLOCK_CAPTURE_AUTORELEASING = YES;
				CLANG_WARN_BOOL_CONVERSION = YES;
				CLANG_WARN_COMMA = YES;
				CLANG_WARN_CONSTANT_CONVERSION = YES;
				CLANG_WARN_DEPRECATED_OBJC_IMPLEMENTATIONS = YES;
				CLANG_WARN_DIRECT_OBJC_ISA_USAGE = YES_ERROR;
				CLANG_WARN_DOCUMENTATION_COMMENTS = YES;
				CLANG_WARN_EMPTY_BODY = YES;
				CLANG_WARN_ENUM_CONVERSION = YES;
				CLANG_WARN_INFINITE_RECURSION = YES;
				CLANG_WARN_INT_CONVERSION = YES;
				CLANG_WARN_NON_LITERAL_NULL_CONVERSION = YES;
				CLANG_WARN_OBJC_IMPLICIT_RETAIN_SELF = YES;
				CLANG_WARN_OBJC_LITERAL_CONVERSION = YES;
				CLANG_WARN_OBJC_ROOT_CLASS = YES_ERROR;
				CLANG_WARN_QUOTED_INCLUDE_IN_FRAMEWORK_HEADER = YES;
				CLANG_WARN_RANGE_LOOP_ANALYSIS = YES;
				CLANG_WARN_STRICT_PROTOTYPES = YES;
				CLANG_WARN_SUSPICIOUS_MOVE = YES;
				CLANG_WARN_UNGUARDED_AVAILABILITY = YES_AGGRESSIVE;
				CLANG_WARN_UNREACHABLE_CODE = YES;
				CLANG_WARN__DUPLICATE_METHOD_MATCH = YES;
				COPY_PHASE_STRIP = NO;
				DEBUG_INFORMATION_FORMAT = "dwarf-with-dsym";
				ENABLE_NS_ASSERTIONS = NO;
				ENABLE_STRICT_OBJC_MSGSEND = YES;
				GCC_C_LANGUAGE_STANDARD = gnu11;
				GCC_NO_COMMON_BLOCKS = YES;
				GCC_WARN_64_TO_32_BIT_CONVERSION = YES;
				GCC_WARN_ABOUT_RETURN_TYPE = YES_ERROR;
				GCC_WARN_UNDECLARED_SELECTOR = YES;
				GCC_WARN_UNINITIALIZED_AUTOS = YES_AGGRESSIVE;
				GCC_WARN_UNUSED_FUNCTION = YES;
				GCC_WARN_UNUSED_VARIABLE = YES;
				IPHONEOS_DEPLOYMENT_TARGET = 15.4;
				MTL_ENABLE_DEBUG_INFO = NO;
				MTL_FAST_MATH = YES;
				SDKROOT = iphoneos;
				SWIFT_COMPILATION_MODE = wholemodule;
				SWIFT_OPTIMIZATION_LEVEL = "-O";
				VALIDATE_PRODUCT = YES;
			};
			name = Release;
		};
		033C8D1D280D50D2004CECAD /* Debug */ = {
			isa = XCBuildConfiguration;
			baseConfigurationReference = DB233F4781E57272ED2D6211 /* Pods-StackExchangeUsers.debug.xcconfig */;
			buildSettings = {
				ASSETCATALOG_COMPILER_APPICON_NAME = AppIcon;
				ASSETCATALOG_COMPILER_GLOBAL_ACCENT_COLOR_NAME = AccentColor;
				CODE_SIGN_STYLE = Automatic;
				CURRENT_PROJECT_VERSION = 1;
				DEVELOPMENT_TEAM = QL7FSZG34R;
				GENERATE_INFOPLIST_FILE = YES;
				INFOPLIST_FILE = StackExchangeUsers/Resource/Info.plist;
				INFOPLIST_KEY_UIApplicationSupportsIndirectInputEvents = YES;
				INFOPLIST_KEY_UILaunchStoryboardName = LaunchScreen;
				INFOPLIST_KEY_UIMainStoryboardFile = User;
				INFOPLIST_KEY_UISupportedInterfaceOrientations_iPad = "UIInterfaceOrientationPortrait UIInterfaceOrientationPortraitUpsideDown UIInterfaceOrientationLandscapeLeft UIInterfaceOrientationLandscapeRight";
				INFOPLIST_KEY_UISupportedInterfaceOrientations_iPhone = "UIInterfaceOrientationPortrait UIInterfaceOrientationLandscapeLeft UIInterfaceOrientationLandscapeRight";
				IPHONEOS_DEPLOYMENT_TARGET = 15.0;
				LD_RUNPATH_SEARCH_PATHS = (
					"$(inherited)",
					"@executable_path/Frameworks",
				);
				MARKETING_VERSION = 1.0;
				PRODUCT_BUNDLE_IDENTIFIER = sehosseini.app.StackExchangeUsers;
				PRODUCT_NAME = "$(TARGET_NAME)";
				SWIFT_EMIT_LOC_STRINGS = YES;
				SWIFT_VERSION = 5.0;
				TARGETED_DEVICE_FAMILY = "1,2";
			};
			name = Debug;
		};
		033C8D1E280D50D2004CECAD /* Release */ = {
			isa = XCBuildConfiguration;
			baseConfigurationReference = 9F02E9E950FA9632B69521C4 /* Pods-StackExchangeUsers.release.xcconfig */;
			buildSettings = {
				ASSETCATALOG_COMPILER_APPICON_NAME = AppIcon;
				ASSETCATALOG_COMPILER_GLOBAL_ACCENT_COLOR_NAME = AccentColor;
				CODE_SIGN_STYLE = Automatic;
				CURRENT_PROJECT_VERSION = 1;
				DEVELOPMENT_TEAM = QL7FSZG34R;
				GENERATE_INFOPLIST_FILE = YES;
				INFOPLIST_FILE = StackExchangeUsers/Resource/Info.plist;
				INFOPLIST_KEY_UIApplicationSupportsIndirectInputEvents = YES;
				INFOPLIST_KEY_UILaunchStoryboardName = LaunchScreen;
				INFOPLIST_KEY_UIMainStoryboardFile = User;
				INFOPLIST_KEY_UISupportedInterfaceOrientations_iPad = "UIInterfaceOrientationPortrait UIInterfaceOrientationPortraitUpsideDown UIInterfaceOrientationLandscapeLeft UIInterfaceOrientationLandscapeRight";
				INFOPLIST_KEY_UISupportedInterfaceOrientations_iPhone = "UIInterfaceOrientationPortrait UIInterfaceOrientationLandscapeLeft UIInterfaceOrientationLandscapeRight";
				IPHONEOS_DEPLOYMENT_TARGET = 15.0;
				LD_RUNPATH_SEARCH_PATHS = (
					"$(inherited)",
					"@executable_path/Frameworks",
				);
				MARKETING_VERSION = 1.0;
				PRODUCT_BUNDLE_IDENTIFIER = sehosseini.app.StackExchangeUsers;
				PRODUCT_NAME = "$(TARGET_NAME)";
				SWIFT_EMIT_LOC_STRINGS = YES;
				SWIFT_VERSION = 5.0;
				TARGETED_DEVICE_FAMILY = "1,2";
			};
			name = Release;
		};
/* End XCBuildConfiguration section */

/* Begin XCConfigurationList section */
		033C8D03280D50CF004CECAD /* Build configuration list for PBXProject "StackExchangeUsers" */ = {
			isa = XCConfigurationList;
			buildConfigurations = (
				033C8D1A280D50D2004CECAD /* Debug */,
				033C8D1B280D50D2004CECAD /* Release */,
			);
			defaultConfigurationIsVisible = 0;
			defaultConfigurationName = Release;
		};
		033C8D1C280D50D2004CECAD /* Build configuration list for PBXNativeTarget "StackExchangeUsers" */ = {
			isa = XCConfigurationList;
			buildConfigurations = (
				033C8D1D280D50D2004CECAD /* Debug */,
				033C8D1E280D50D2004CECAD /* Release */,
			);
			defaultConfigurationIsVisible = 0;
			defaultConfigurationName = Release;
		};
/* End XCConfigurationList section */
	};
	rootObject = 033C8D00280D50CF004CECAD /* Project object */;
}
